github.com/blackwell-systems/gcf-go v1.0.1 h1:N4mUyn7jY1VFJkFr9cTJCLxmkGSbFPsn+1sXDuVpxtY=
github.com/blackwell-systems/gcf-go v1.0.1/go.mod h1:ST507JbYTlVUXZMEmlOJgI5+6svK1UImNVqNCf1X/Sk=
github.com/blackwell-systems/gcf-go v1.0.2 h1:VIBQB3VtF5Y3ZBK12cbvowwshwWxOw+8cIlWLYph7Q4=
github.com/blackwell-systems/gcf-go v1.0.2/go.mod h1:ST507JbYTlVUXZMEmlOJgI5+6svK1UImNVqNCf1X/Sk=
