github.com/blackwell-systems/gcf-go v0.1.0 h1:SSHaZ5vV9VrmRCNsr9I/fHa/uhkuG99xXTVjVnv7LII=
github.com/blackwell-systems/gcf-go v0.1.0/go.mod h1:ST507JbYTlVUXZMEmlOJgI5+6svK1UImNVqNCf1X/Sk=
github.com/blackwell-systems/gcf-go v0.1.1 h1:c/c5SMEp5hhPoaA3mMdsyU99+rJlLGnOjA+1eX09eSg=
github.com/blackwell-systems/gcf-go v0.1.1/go.mod h1:ST507JbYTlVUXZMEmlOJgI5+6svK1UImNVqNCf1X/Sk=
